// !$*UTF8*$!
{
	archiveVersion = 1;
	classes = {
	};
	objectVersion = 50;
	objects = {

/* Begin PBXBuildFile section */
		E75D2EC324DBF0FA009B444E /* ColorHexView.swift in Sources */ = {isa = PBXBuildFile; fileRef = E75D2EC224DBF0FA009B444E /* ColorHexView.swift */; };
		E77B989624DBE235003AA2C7 /* AppDelegate.swift in Sources */ = {isa = PBXBuildFile; fileRef = E77B989524DBE235003AA2C7 /* AppDelegate.swift */; };
		E77B989824DBE235003AA2C7 /* SceneDelegate.swift in Sources */ = {isa = PBXBuildFile; fileRef = E77B989724DBE235003AA2C7 /* SceneDelegate.swift */; };
		E77B989A24DBE235003AA2C7 /* ContentView.swift in Sources */ = {isa = PBXBuildFile; fileRef = E77B989924DBE235003AA2C7 /* ContentView.swift */; };
		E77B989C24DBE237003AA2C7 /* Assets.xcassets in Resources */ = {isa = PBXBuildFile; fileRef = E77B989B24DBE237003AA2C7 /* Assets.xcassets */; };
		E77B989F24DBE237003AA2C7 /* Preview Assets.xcassets in Resources */ = {isa = PBXBuildFile; fileRef = E77B989E24DBE237003AA2C7 /* Preview Assets.xcassets */; };
		E77B98A224DBE237003AA2C7 /* LaunchScreen.storyboard in Resources */ = {isa = PBXBuildFile; fileRef = E77B98A024DBE237003AA2C7 /* LaunchScreen.storyboard */; };
		E77B98AA24DBE32C003AA2C7 /* SliderView.swift in Sources */ = {isa = PBXBuildFile; fileRef = E77B98A924DBE32C003AA2C7 /* SliderView.swift */; };
/* End PBXBuildFile section */

/* Begin PBXFileReference section */
		E75D2EC224DBF0FA009B444E /* ColorHexView.swift */ = {isa = PBXFileReference; lastKnownFileType = sourcecode.swift; path = ColorHexView.swift; sourceTree = "<group>"; };
		E77B989224DBE235003AA2C7 /* ColorPicker.app */ = {isa = PBXFileReference; explicitFileType = wrapper.application; includeInIndex = 0; path = ColorPicker.app; sourceTree = BUILT_PRODUCTS_DIR; };
		E77B989524DBE235003AA2C7 /* AppDelegate.swift */ = {isa = PBXFileReference; lastKnownFileType = sourcecode.swift; path = AppDelegate.swift; sourceTree = "<group>"; };
		E77B989724DBE235003AA2C7 /* SceneDelegate.swift */ = {isa = PBXFileReference; lastKnownFileType = sourcecode.swift; path = SceneDelegate.swift; sourceTree = "<group>"; };
		E77B989924DBE235003AA2C7 /* ContentView.swift */ = {isa = PBXFileReference; lastKnownFileType = sourcecode.swift; path = ContentView.swift; sourceTree = "<group>"; };
		E77B989B24DBE237003AA2C7 /* Assets.xcassets */ = {isa = PBXFileReference; lastKnownFileType = folder.assetcatalog; path = Assets.xcassets; sourceTree = "<group>"; };
		E77B989E24DBE237003AA2C7 /* Preview Assets.xcassets */ = {isa = PBXFileReference; lastKnownFileType = folder.assetcatalog; path = "Preview Assets.xcassets"; sourceTree = "<group>"; };
		E77B98A124DBE237003AA2C7 /* Base */ = {isa = PBXFileReference; lastKnownFileType = file.storyboard; name = Base; path = Base.lproj/LaunchScreen.storyboard; sourceTree = "<group>"; };
		E77B98A324DBE237003AA2C7 /* Info.plist */ = {isa = PBXFileReference; lastKnownFileType = text.plist.xml; path = Info.plist; sourceTree = "<group>"; };
		E77B98A924DBE32C003AA2C7 /* SliderView.swift */ = {isa = PBXFileReference; lastKnownFileType = sourcecode.swift; path = SliderView.swift; sourceTree = "<group>"; };
/* End PBXFileReference section */

/* Begin PBXFrameworksBuildPhase section */
		E77B988F24DBE235003AA2C7 /* Frameworks */ = {
			isa = PBXFrameworksBuildPhase;
			buildActionMask = 2147483647;
			files = (
			);
			runOnlyForDeploymentPostprocessing = 0;
		};
/* End PBXFrameworksBuildPhase section */

/* Begin PBXGroup section */
		E77B988924DBE235003AA2C7 = {
			isa = PBXGroup;
			children = (
				E77B989424DBE235003AA2C7 /* ColorPicker */,
				E77B989324DBE235003AA2C7 /* Products */,
			);
			sourceTree = "<group>";
		};
		E77B989324DBE235003AA2C7 /* Products */ = {
			isa = PBXGroup;
			children = (
				E77B989224DBE235003AA2C7 /* ColorPicker.app */,
			);
			name = Products;
			sourceTree = "<group>";
		};
		E77B989424DBE235003AA2C7 /* ColorPicker */ = {
			isa = PBXGroup;
			children = (
				E77B98AB24DBE73A003AA2C7 /* Views */,
				E77B989524DBE235003AA2C7 /* AppDelegate.swift */,
				E77B989724DBE235003AA2C7 /* SceneDelegate.swift */,
				E77B989924DBE235003AA2C7 /* ContentView.swift */,
				E77B989B24DBE237003AA2C7 /* Assets.xcassets */,
				E77B98A024DBE237003AA2C7 /* LaunchScreen.storyboard */,
				E77B98A324DBE237003AA2C7 /* Info.plist */,
				E77B989D24DBE237003AA2C7 /* Preview Content */,
			);
			path = ColorPicker;
			sourceTree = "<group>";
		};
		E77B989D24DBE237003AA2C7 /* Preview Content */ = {
			isa = PBXGroup;
			children = (
				E77B989E24DBE237003AA2C7 /* Preview Assets.xcassets */,
			);
			path = "Preview Content";
			sourceTree = "<group>";
		};
		E77B98AB24DBE73A003AA2C7 /* Views */ = {
			isa = PBXGroup;
			children = (
				E77B98A924DBE32C003AA2C7 /* SliderView.swift */,
				E75D2EC224DBF0FA009B444E /* ColorHexView.swift */,
			);
			path = Views;
			sourceTree = "<group>";
		};
/* End PBXGroup section */

/* Begin PBXNativeTarget section */
		E77B989124DBE235003AA2C7 /* ColorPicker */ = {
			isa = PBXNativeTarget;
			buildConfigurationList = E77B98A624DBE237003AA2C7 /* Build configuration list for PBXNativeTarget "ColorPicker" */;
			buildPhases = (
				E77B988E24DBE235003AA2C7 /* Sources */,
				E77B988F24DBE235003AA2C7 /* Frameworks */,
				E77B989024DBE235003AA2C7 /* Resources */,
			);
			buildRules = (
			);
			dependencies = (
			);
			name = ColorPicker;
			productName = ColorPicker;
			productReference = E77B989224DBE235003AA2C7 /* ColorPicker.app */;
			productType = "com.apple.product-type.application";
		};
/* End PBXNativeTarget section */

/* Begin PBXProject section */
		E77B988A24DBE235003AA2C7 /* Project object */ = {
			isa = PBXProject;
			attributes = {
				LastSwiftUpdateCheck = 1160;
				LastUpgradeCheck = 1220;
				ORGANIZATIONNAME = "Kamil Kozioł";
				TargetAttributes = {
					E77B989124DBE235003AA2C7 = {
						CreatedOnToolsVersion = 11.6;
					};
				};
			};
			buildConfigurationList = E77B988D24DBE235003AA2C7 /* Build configuration list for PBXProject "ColorPicker" */;
			compatibilityVersion = "Xcode 9.3";
			developmentRegion = en;
			hasScannedForEncodings = 0;
			knownRegions = (
				en,
				Base,
			);
			mainGroup = E77B988924DBE235003AA2C7;
			productRefGroup = E77B989324DBE235003AA2C7 /* Products */;
			projectDirPath = "";
			projectRoot = "";
			targets = (
				E77B989124DBE235003AA2C7 /* ColorPicker */,
			);
		};
/* End PBXProject section */

/* Begin PBXResourcesBuildPhase section */
		E77B989024DBE235003AA2C7 /* Resources */ = {
			isa = PBXResourcesBuildPhase;
			buildActionMask = 2147483647;
			files = (
				E77B98A224DBE237003AA2C7 /* LaunchScreen.storyboard in Resources */,
				E77B989F24DBE237003AA2C7 /* Preview Assets.xcassets in Resources */,
				E77B989C24DBE237003AA2C7 /* Assets.xcassets in Resources */,
			);
			runOnlyForDeploymentPostprocessing = 0;
		};
/* End PBXResourcesBuildPhase section */

/* Begin PBXSourcesBuildPhase section */
		E77B988E24DBE235003AA2C7 /* Sources */ = {
			isa = PBXSourcesBuildPhase;
			buildActionMask = 2147483647;
			files = (
				E77B989624DBE235003AA2C7 /* AppDelegate.swift in Sources */,
				E77B98AA24DBE32C003AA2C7 /* SliderView.swift in Sources */,
				E77B989824DBE235003AA2C7 /* SceneDelegate.swift in Sources */,
				E77B989A24DBE235003AA2C7 /* ContentView.swift in Sources */,
				E75D2EC324DBF0FA009B444E /* ColorHexView.swift in Sources */,
			);
			runOnlyForDeploymentPostprocessing = 0;
		};
/* End PBXSourcesBuildPhase section */

/* Begin PBXVariantGroup section */
		E77B98A024DBE237003AA2C7 /* LaunchScreen.storyboard */ = {
			isa = PBXVariantGroup;
			children = (
				E77B98A124DBE237003AA2C7 /* Base */,
			);
			name = LaunchScreen.storyboard;
			sourceTree = "<group>";
		};
/* End PBXVariantGroup section */

/* Begin XCBuildConfiguration section */
		E77B98A424DBE237003AA2C7 /* Debug */ = {
			isa = XCBuildConfiguration;
			buildSettings = {
				ALWAYS_SEARCH_USER_PATHS = NO;
				CLANG_ANALYZER_NONNULL = YES;
				CLANG_ANALYZER_NUMBER_OBJECT_CONVERSION = YES_AGGRESSIVE;
				CLANG_CXX_LANGUAGE_STANDARD = "gnu++14";
				CLANG_CXX_LIBRARY = "libc++";
				CLANG_ENABLE_MODULES = YES;
				CLANG_ENABLE_OBJC_ARC = YES;
				CLANG_ENABLE_OBJC_WEAK = YES;
				CLANG_WARN_BLOCK_CAPTURE_AUTORELEASING = YES;
				CLANG_WARN_BOOL_CONVERSION = YES;
				CLANG_WARN_COMMA = YES;
				CLANG_WARN_CONSTANT_CONVERSION = YES;
				CLANG_WARN_DEPRECATED_OBJC_IMPLEMENTATIONS = YES;
				CLANG_WARN_DIRECT_OBJC_ISA_USAGE = YES_ERROR;
				CLANG_WARN_DOCUMENTATION_COMMENTS = YES;
				CLANG_WARN_EMPTY_BODY = YES;
				CLANG_WARN_ENUM_CONVERSION = YES;
				CLANG_WARN_INFINITE_RECURSION = YES;
				CLANG_WARN_INT_CONVERSION = YES;
				CLANG_WARN_NON_LITERAL_NULL_CONVERSION = YES;
				CLANG_WARN_OBJC_IMPLICIT_RETAIN_SELF = YES;
				CLANG_WARN_OBJC_LITERAL_CONVERSION = YES;
				CLANG_WARN_OBJC_ROOT_CLASS = YES_ERROR;
				CLANG_WARN_QUOTED_INCLUDE_IN_FRAMEWORK_HEADER = YES;
				CLANG_WARN_RANGE_LOOP_ANALYSIS = YES;
				CLANG_WARN_STRICT_PROTOTYPES = YES;
				CLANG_WARN_SUSPICIOUS_MOVE = YES;
				CLANG_WARN_UNGUARDED_AVAILABILITY = YES_AGGRESSIVE;
				CLANG_WARN_UNREACHABLE_CODE = YES;
				CLANG_WARN__DUPLICATE_METHOD_MATCH = YES;
				COPY_PHASE_STRIP = NO;
				DEBUG_INFORMATION_FORMAT = dwarf;
				ENABLE_STRICT_OBJC_MSGSEND = YES;
				ENABLE_TESTABILITY = YES;
				GCC_C_LANGUAGE_STANDARD = gnu11;
				GCC_DYNAMIC_NO_PIC = NO;
				GCC_NO_COMMON_BLOCKS = YES;
				GCC_OPTIMIZATION_LEVEL = 0;
				GCC_PREPROCESSOR_DEFINITIONS = (
					"DEBUG=1",
					"$(inherited)",
				);
				GCC_WARN_64_TO_32_BIT_CONVERSION = YES;
				GCC_WARN_ABOUT_RETURN_TYPE = YES_ERROR;
				GCC_WARN_UNDECLARED_SELECTOR = YES;
				GCC_WARN_UNINITIALIZED_AUTOS = YES_AGGRESSIVE;
				GCC_WARN_UNUSED_FUNCTION = YES;
				GCC_WARN_UNUSED_VARIABLE = YES;
				IPHONEOS_DEPLOYMENT_TARGET = 14.4;
				MTL_ENABLE_DEBUG_INFO = INCLUDE_SOURCE;
				MTL_FAST_MATH = YES;
				ONLY_ACTIVE_ARCH = YES;
				SDKROOT = iphoneos;
				SWIFT_ACTIVE_COMPILATION_CONDITIONS = DEBUG;
				SWIFT_OPTIMIZATION_LEVEL = "-Onone";
			};
			name = Debug;
		};
		E77B98A524DBE237003AA2C7 /* Release */ = {
			isa = XCBuildConfiguration;
			buildSettings = {
				ALWAYS_SEARCH_USER_PATHS = NO;
				CLANG_ANALYZER_NONNULL = YES;
				CLANG_ANALYZER_NUMBER_OBJECT_CONVERSION = YES_AGGRESSIVE;
				CLANG_CXX_LANGUAGE_STANDARD = "gnu++14";
				CLANG_CXX_LIBRARY = "libc++";
				CLANG_ENABLE_MODULES = YES;
				CLANG_ENABLE_OBJC_ARC = YES;
				CLANG_ENABLE_OBJC_WEAK = YES;
				CLANG_WARN_BLOCK_CAPTURE_AUTORELEASING = YES;
				CLANG_WARN_BOOL_CONVERSION = YES;
				CLANG_WARN_COMMA = YES;
				CLANG_WARN_CONSTANT_CONVERSION = YES;
				CLANG_WARN_DEPRECATED_OBJC_IMPLEMENTATIONS = YES;
				CLANG_WARN_DIRECT_OBJC_ISA_USAGE = YES_ERROR;
				CLANG_WARN_DOCUMENTATION_COMMENTS = YES;
				CLANG_WARN_EMPTY_BODY = YES;
				CLANG_WARN_ENUM_CONVERSION = YES;
				CLANG_WARN_INFINITE_RECURSION = YES;
				CLANG_WARN_INT_CONVERSION = YES;
				CLANG_WARN_NON_LITERAL_NULL_CONVERSION = YES;
				CLANG_WARN_OBJC_IMPLICIT_RETAIN_SELF = YES;
				CLANG_WARN_OBJC_LITERAL_CONVERSION = YES;
				CLANG_WARN_OBJC_ROOT_CLASS = YES_ERROR;
				CLANG_WARN_QUOTED_INCLUDE_IN_FRAMEWORK_HEADER = YES;
				CLANG_WARN_RANGE_LOOP_ANALYSIS = YES;
				CLANG_WARN_STRICT_PROTOTYPES = YES;
				CLANG_WARN_SUSPICIOUS_MOVE = YES;
				CLANG_WARN_UNGUARDED_AVAILABILITY = YES_AGGRESSIVE;
				CLANG_WARN_UNREACHABLE_CODE = YES;
				CLANG_WARN__DUPLICATE_METHOD_MATCH = YES;
				COPY_PHASE_STRIP = NO;
				DEBUG_INFORMATION_FORMAT = "dwarf-with-dsym";
				ENABLE_NS_ASSERTIONS = NO;
				ENABLE_STRICT_OBJC_MSGSEND = YES;
				GCC_C_LANGUAGE_STANDARD = gnu11;
				GCC_NO_COMMON_BLOCKS = YES;
				GCC_WARN_64_TO_32_BIT_CONVERSION = YES;
				GCC_WARN_ABOUT_RETURN_TYPE = YES_ERROR;
				GCC_WARN_UNDECLARED_SELECTOR = YES;
				GCC_WARN_UNINITIALIZED_AUTOS = YES_AGGRESSIVE;
				GCC_WARN_UNUSED_FUNCTION = YES;
				GCC_WARN_UNUSED_VARIABLE = YES;
				IPHONEOS_DEPLOYMENT_TARGET = 14.4;
				MTL_ENABLE_DEBUG_INFO = NO;
				MTL_FAST_MATH = YES;
				SDKROOT = iphoneos;
				SWIFT_COMPILATION_MODE = wholemodule;
				SWIFT_OPTIMIZATION_LEVEL = "-O";
				VALIDATE_PRODUCT = YES;
			};
			name = Release;
		};
		E77B98A724DBE237003AA2C7 /* Debug */ = {
			isa = XCBuildConfiguration;
			buildSettings = {
				ASSETCATALOG_COMPILER_APPICON_NAME = AppIcon;
				CODE_SIGN_STYLE = Automatic;
				DEVELOPMENT_ASSET_PATHS = "\"ColorPicker/Preview Content\"";
				DEVELOPMENT_TEAM = 9474P7K7Z8;
				ENABLE_PREVIEWS = YES;
				INFOPLIST_FILE = ColorPicker/Info.plist;
				LD_RUNPATH_SEARCH_PATHS = (
					"$(inherited)",
					"@executable_path/Frameworks",
				);
				PRODUCT_BUNDLE_IDENTIFIER = kamil.koziol.ColorPicker;
				PRODUCT_NAME = "$(TARGET_NAME)";
				SWIFT_VERSION = 5.0;
				TARGETED_DEVICE_FAMILY = "1,2";
			};
			name = Debug;
		};
		E77B98A824DBE237003AA2C7 /* Release */ = {
			isa = XCBuildConfiguration;
			buildSettings = {
				ASSETCATALOG_COMPILER_APPICON_NAME = AppIcon;
				CODE_SIGN_STYLE = Automatic;
				DEVELOPMENT_ASSET_PATHS = "\"ColorPicker/Preview Content\"";
				DEVELOPMENT_TEAM = 9474P7K7Z8;
				ENABLE_PREVIEWS = YES;
				INFOPLIST_FILE = ColorPicker/Info.plist;
				LD_RUNPATH_SEARCH_PATHS = (
					"$(inherited)",
					"@executable_path/Frameworks",
				);
				PRODUCT_BUNDLE_IDENTIFIER = kamil.koziol.ColorPicker;
				PRODUCT_NAME = "$(TARGET_NAME)";
				SWIFT_VERSION = 5.0;
				TARGETED_DEVICE_FAMILY = "1,2";
			};
			name = Release;
		};
/* End XCBuildConfiguration section */

/* Begin XCConfigurationList section */
		E77B988D24DBE235003AA2C7 /* Build configuration list for PBXProject "ColorPicker" */ = {
			isa = XCConfigurationList;
			buildConfigurations = (
				E77B98A424DBE237003AA2C7 /* Debug */,
				E77B98A524DBE237003AA2C7 /* Release */,
			);
			defaultConfigurationIsVisible = 0;
			defaultConfigurationName = Release;
		};
		E77B98A624DBE237003AA2C7 /* Build configuration list for PBXNativeTarget "ColorPicker" */ = {
			isa = XCConfigurationList;
			buildConfigurations = (
				E77B98A724DBE237003AA2C7 /* Debug */,
				E77B98A824DBE237003AA2C7 /* Release */,
			);
			defaultConfigurationIsVisible = 0;
			defaultConfigurationName = Release;
		};
/* End XCConfigurationList section */
	};
	rootObject = E77B988A24DBE235003AA2C7 /* Project object */;
}
