// !$*UTF8*$!
{
	archiveVersion = 1;
	classes = {
	};
	objectVersion = 50;
	objects = {

/* Begin PBXBuildFile section */
		341E5AFA25EA702C00E8C1FA /* WarCardGameApp.swift in Sources */ = {isa = PBXBuildFile; fileRef = 341E5AF925EA702C00E8C1FA /* WarCardGameApp.swift */; };
		341E5AFC25EA702C00E8C1FA /* ContentView.swift in Sources */ = {isa = PBXBuildFile; fileRef = 341E5AFB25EA702C00E8C1FA /* ContentView.swift */; };
		341E5AFE25EA702C00E8C1FA /* Assets.xcassets in Resources */ = {isa = PBXBuildFile; fileRef = 341E5AFD25EA702C00E8C1FA /* Assets.xcassets */; };
		341E5B0125EA702C00E8C1FA /* Preview Assets.xcassets in Resources */ = {isa = PBXBuildFile; fileRef = 341E5B0025EA702C00E8C1FA /* Preview Assets.xcassets */; };
		341E5B0C25EA702C00E8C1FA /* WarCardGameTests.swift in Sources */ = {isa = PBXBuildFile; fileRef = 341E5B0B25EA702C00E8C1FA /* WarCardGameTests.swift */; };
		341E5B1725EA702C00E8C1FA /* WarCardGameUITests.swift in Sources */ = {isa = PBXBuildFile; fileRef = 341E5B1625EA702C00E8C1FA /* WarCardGameUITests.swift */; };
		341E5B2825EAA4B000E8C1FA /* Card.swift in Sources */ = {isa = PBXBuildFile; fileRef = 341E5B2725EAA4B000E8C1FA /* Card.swift */; };
/* End PBXBuildFile section */

/* Begin PBXContainerItemProxy section */
		341E5B0825EA702C00E8C1FA /* PBXContainerItemProxy */ = {
			isa = PBXContainerItemProxy;
			containerPortal = 341E5AEE25EA702C00E8C1FA /* Project object */;
			proxyType = 1;
			remoteGlobalIDString = 341E5AF525EA702C00E8C1FA;
			remoteInfo = WarCardGame;
		};
		341E5B1325EA702C00E8C1FA /* PBXContainerItemProxy */ = {
			isa = PBXContainerItemProxy;
			containerPortal = 341E5AEE25EA702C00E8C1FA /* Project object */;
			proxyType = 1;
			remoteGlobalIDString = 341E5AF525EA702C00E8C1FA;
			remoteInfo = WarCardGame;
		};
/* End PBXContainerItemProxy section */

/* Begin PBXFileReference section */
		341E5AF625EA702C00E8C1FA /* WarCardGame.app */ = {isa = PBXFileReference; explicitFileType = wrapper.application; includeInIndex = 0; path = WarCardGame.app; sourceTree = BUILT_PRODUCTS_DIR; };
		341E5AF925EA702C00E8C1FA /* WarCardGameApp.swift */ = {isa = PBXFileReference; lastKnownFileType = sourcecode.swift; path = WarCardGameApp.swift; sourceTree = "<group>"; };
		341E5AFB25EA702C00E8C1FA /* ContentView.swift */ = {isa = PBXFileReference; lastKnownFileType = sourcecode.swift; path = ContentView.swift; sourceTree = "<group>"; };
		341E5AFD25EA702C00E8C1FA /* Assets.xcassets */ = {isa = PBXFileReference; lastKnownFileType = folder.assetcatalog; path = Assets.xcassets; sourceTree = "<group>"; };
		341E5B0025EA702C00E8C1FA /* Preview Assets.xcassets */ = {isa = PBXFileReference; lastKnownFileType = folder.assetcatalog; path = "Preview Assets.xcassets"; sourceTree = "<group>"; };
		341E5B0225EA702C00E8C1FA /* Info.plist */ = {isa = PBXFileReference; lastKnownFileType = text.plist.xml; path = Info.plist; sourceTree = "<group>"; };
		341E5B0725EA702C00E8C1FA /* WarCardGameTests.xctest */ = {isa = PBXFileReference; explicitFileType = wrapper.cfbundle; includeInIndex = 0; path = WarCardGameTests.xctest; sourceTree = BUILT_PRODUCTS_DIR; };
		341E5B0B25EA702C00E8C1FA /* WarCardGameTests.swift */ = {isa = PBXFileReference; lastKnownFileType = sourcecode.swift; path = WarCardGameTests.swift; sourceTree = "<group>"; };
		341E5B0D25EA702C00E8C1FA /* Info.plist */ = {isa = PBXFileReference; lastKnownFileType = text.plist.xml; path = Info.plist; sourceTree = "<group>"; };
		341E5B1225EA702C00E8C1FA /* WarCardGameUITests.xctest */ = {isa = PBXFileReference; explicitFileType = wrapper.cfbundle; includeInIndex = 0; path = WarCardGameUITests.xctest; sourceTree = BUILT_PRODUCTS_DIR; };
		341E5B1625EA702C00E8C1FA /* WarCardGameUITests.swift */ = {isa = PBXFileReference; lastKnownFileType = sourcecode.swift; path = WarCardGameUITests.swift; sourceTree = "<group>"; };
		341E5B1825EA702C00E8C1FA /* Info.plist */ = {isa = PBXFileReference; lastKnownFileType = text.plist.xml; path = Info.plist; sourceTree = "<group>"; };
		341E5B2725EAA4B000E8C1FA /* Card.swift */ = {isa = PBXFileReference; lastKnownFileType = sourcecode.swift; path = Card.swift; sourceTree = "<group>"; };
/* End PBXFileReference section */

/* Begin PBXFrameworksBuildPhase section */
		341E5AF325EA702C00E8C1FA /* Frameworks */ = {
			isa = PBXFrameworksBuildPhase;
			buildActionMask = 2147483647;
			files = (
			);
			runOnlyForDeploymentPostprocessing = 0;
		};
		341E5B0425EA702C00E8C1FA /* Frameworks */ = {
			isa = PBXFrameworksBuildPhase;
			buildActionMask = 2147483647;
			files = (
			);
			runOnlyForDeploymentPostprocessing = 0;
		};
		341E5B0F25EA702C00E8C1FA /* Frameworks */ = {
			isa = PBXFrameworksBuildPhase;
			buildActionMask = 2147483647;
			files = (
			);
			runOnlyForDeploymentPostprocessing = 0;
		};
/* End PBXFrameworksBuildPhase section */

/* Begin PBXGroup section */
		341E5AED25EA702C00E8C1FA = {
			isa = PBXGroup;
			children = (
				341E5AF825EA702C00E8C1FA /* WarCardGame */,
				341E5B0A25EA702C00E8C1FA /* WarCardGameTests */,
				341E5B1525EA702C00E8C1FA /* WarCardGameUITests */,
				341E5AF725EA702C00E8C1FA /* Products */,
			);
			sourceTree = "<group>";
		};
		341E5AF725EA702C00E8C1FA /* Products */ = {
			isa = PBXGroup;
			children = (
				341E5AF625EA702C00E8C1FA /* WarCardGame.app */,
				341E5B0725EA702C00E8C1FA /* WarCardGameTests.xctest */,
				341E5B1225EA702C00E8C1FA /* WarCardGameUITests.xctest */,
			);
			name = Products;
			sourceTree = "<group>";
		};
		341E5AF825EA702C00E8C1FA /* WarCardGame */ = {
			isa = PBXGroup;
			children = (
				341E5AF925EA702C00E8C1FA /* WarCardGameApp.swift */,
				341E5AFB25EA702C00E8C1FA /* ContentView.swift */,
				341E5AFD25EA702C00E8C1FA /* Assets.xcassets */,
				341E5B0225EA702C00E8C1FA /* Info.plist */,
				341E5AFF25EA702C00E8C1FA /* Preview Content */,
				341E5B2725EAA4B000E8C1FA /* Card.swift */,
			);
			path = WarCardGame;
			sourceTree = "<group>";
		};
		341E5AFF25EA702C00E8C1FA /* Preview Content */ = {
			isa = PBXGroup;
			children = (
				341E5B0025EA702C00E8C1FA /* Preview Assets.xcassets */,
			);
			path = "Preview Content";
			sourceTree = "<group>";
		};
		341E5B0A25EA702C00E8C1FA /* WarCardGameTests */ = {
			isa = PBXGroup;
			children = (
				341E5B0B25EA702C00E8C1FA /* WarCardGameTests.swift */,
				341E5B0D25EA702C00E8C1FA /* Info.plist */,
			);
			path = WarCardGameTests;
			sourceTree = "<group>";
		};
		341E5B1525EA702C00E8C1FA /* WarCardGameUITests */ = {
			isa = PBXGroup;
			children = (
				341E5B1625EA702C00E8C1FA /* WarCardGameUITests.swift */,
				341E5B1825EA702C00E8C1FA /* Info.plist */,
			);
			path = WarCardGameUITests;
			sourceTree = "<group>";
		};
/* End PBXGroup section */

/* Begin PBXNativeTarget section */
		341E5AF525EA702C00E8C1FA /* WarCardGame */ = {
			isa = PBXNativeTarget;
			buildConfigurationList = 341E5B1B25EA702C00E8C1FA /* Build configuration list for PBXNativeTarget "WarCardGame" */;
			buildPhases = (
				341E5AF225EA702C00E8C1FA /* Sources */,
				341E5AF325EA702C00E8C1FA /* Frameworks */,
				341E5AF425EA702C00E8C1FA /* Resources */,
			);
			buildRules = (
			);
			dependencies = (
			);
			name = WarCardGame;
			productName = WarCardGame;
			productReference = 341E5AF625EA702C00E8C1FA /* WarCardGame.app */;
			productType = "com.apple.product-type.application";
		};
		341E5B0625EA702C00E8C1FA /* WarCardGameTests */ = {
			isa = PBXNativeTarget;
			buildConfigurationList = 341E5B1E25EA702C00E8C1FA /* Build configuration list for PBXNativeTarget "WarCardGameTests" */;
			buildPhases = (
				341E5B0325EA702C00E8C1FA /* Sources */,
				341E5B0425EA702C00E8C1FA /* Frameworks */,
				341E5B0525EA702C00E8C1FA /* Resources */,
			);
			buildRules = (
			);
			dependencies = (
				341E5B0925EA702C00E8C1FA /* PBXTargetDependency */,
			);
			name = WarCardGameTests;
			productName = WarCardGameTests;
			productReference = 341E5B0725EA702C00E8C1FA /* WarCardGameTests.xctest */;
			productType = "com.apple.product-type.bundle.unit-test";
		};
		341E5B1125EA702C00E8C1FA /* WarCardGameUITests */ = {
			isa = PBXNativeTarget;
			buildConfigurationList = 341E5B2125EA702C00E8C1FA /* Build configuration list for PBXNativeTarget "WarCardGameUITests" */;
			buildPhases = (
				341E5B0E25EA702C00E8C1FA /* Sources */,
				341E5B0F25EA702C00E8C1FA /* Frameworks */,
				341E5B1025EA702C00E8C1FA /* Resources */,
			);
			buildRules = (
			);
			dependencies = (
				341E5B1425EA702C00E8C1FA /* PBXTargetDependency */,
			);
			name = WarCardGameUITests;
			productName = WarCardGameUITests;
			productReference = 341E5B1225EA702C00E8C1FA /* WarCardGameUITests.xctest */;
			productType = "com.apple.product-type.bundle.ui-testing";
		};
/* End PBXNativeTarget section */

/* Begin PBXProject section */
		341E5AEE25EA702C00E8C1FA /* Project object */ = {
			isa = PBXProject;
			attributes = {
				LastSwiftUpdateCheck = 1240;
				LastUpgradeCheck = 1240;
				TargetAttributes = {
					341E5AF525EA702C00E8C1FA = {
						CreatedOnToolsVersion = 12.4;
					};
					341E5B0625EA702C00E8C1FA = {
						CreatedOnToolsVersion = 12.4;
						TestTargetID = 341E5AF525EA702C00E8C1FA;
					};
					341E5B1125EA702C00E8C1FA = {
						CreatedOnToolsVersion = 12.4;
						TestTargetID = 341E5AF525EA702C00E8C1FA;
					};
				};
			};
			buildConfigurationList = 341E5AF125EA702C00E8C1FA /* Build configuration list for PBXProject "WarCardGame" */;
			compatibilityVersion = "Xcode 9.3";
			developmentRegion = en;
			hasScannedForEncodings = 0;
			knownRegions = (
				en,
				Base,
			);
			mainGroup = 341E5AED25EA702C00E8C1FA;
			productRefGroup = 341E5AF725EA702C00E8C1FA /* Products */;
			projectDirPath = "";
			projectRoot = "";
			targets = (
				341E5AF525EA702C00E8C1FA /* WarCardGame */,
				341E5B0625EA702C00E8C1FA /* WarCardGameTests */,
				341E5B1125EA702C00E8C1FA /* WarCardGameUITests */,
			);
		};
/* End PBXProject section */

/* Begin PBXResourcesBuildPhase section */
		341E5AF425EA702C00E8C1FA /* Resources */ = {
			isa = PBXResourcesBuildPhase;
			buildActionMask = 2147483647;
			files = (
				341E5B0125EA702C00E8C1FA /* Preview Assets.xcassets in Resources */,
				341E5AFE25EA702C00E8C1FA /* Assets.xcassets in Resources */,
			);
			runOnlyForDeploymentPostprocessing = 0;
		};
		341E5B0525EA702C00E8C1FA /* Resources */ = {
			isa = PBXResourcesBuildPhase;
			buildActionMask = 2147483647;
			files = (
			);
			runOnlyForDeploymentPostprocessing = 0;
		};
		341E5B1025EA702C00E8C1FA /* Resources */ = {
			isa = PBXResourcesBuildPhase;
			buildActionMask = 2147483647;
			files = (
			);
			runOnlyForDeploymentPostprocessing = 0;
		};
/* End PBXResourcesBuildPhase section */

/* Begin PBXSourcesBuildPhase section */
		341E5AF225EA702C00E8C1FA /* Sources */ = {
			isa = PBXSourcesBuildPhase;
			buildActionMask = 2147483647;
			files = (
				341E5AFC25EA702C00E8C1FA /* ContentView.swift in Sources */,
				341E5B2825EAA4B000E8C1FA /* Card.swift in Sources */,
				341E5AFA25EA702C00E8C1FA /* WarCardGameApp.swift in Sources */,
			);
			runOnlyForDeploymentPostprocessing = 0;
		};
		341E5B0325EA702C00E8C1FA /* Sources */ = {
			isa = PBXSourcesBuildPhase;
			buildActionMask = 2147483647;
			files = (
				341E5B0C25EA702C00E8C1FA /* WarCardGameTests.swift in Sources */,
			);
			runOnlyForDeploymentPostprocessing = 0;
		};
		341E5B0E25EA702C00E8C1FA /* Sources */ = {
			isa = PBXSourcesBuildPhase;
			buildActionMask = 2147483647;
			files = (
				341E5B1725EA702C00E8C1FA /* WarCardGameUITests.swift in Sources */,
			);
			runOnlyForDeploymentPostprocessing = 0;
		};
/* End PBXSourcesBuildPhase section */

/* Begin PBXTargetDependency section */
		341E5B0925EA702C00E8C1FA /* PBXTargetDependency */ = {
			isa = PBXTargetDependency;
			target = 341E5AF525EA702C00E8C1FA /* WarCardGame */;
			targetProxy = 341E5B0825EA702C00E8C1FA /* PBXContainerItemProxy */;
		};
		341E5B1425EA702C00E8C1FA /* PBXTargetDependency */ = {
			isa = PBXTargetDependency;
			target = 341E5AF525EA702C00E8C1FA /* WarCardGame */;
			targetProxy = 341E5B1325EA702C00E8C1FA /* PBXContainerItemProxy */;
		};
/* End PBXTargetDependency section */

/* Begin XCBuildConfiguration section */
		341E5B1925EA702C00E8C1FA /* Debug */ = {
			isa = XCBuildConfiguration;
			buildSettings = {
				ALWAYS_SEARCH_USER_PATHS = NO;
				CLANG_ANALYZER_NONNULL = YES;
				CLANG_ANALYZER_NUMBER_OBJECT_CONVERSION = YES_AGGRESSIVE;
				CLANG_CXX_LANGUAGE_STANDARD = "gnu++14";
				CLANG_CXX_LIBRARY = "libc++";
				CLANG_ENABLE_MODULES = YES;
				CLANG_ENABLE_OBJC_ARC = YES;
				CLANG_ENABLE_OBJC_WEAK = YES;
				CLANG_WARN_BLOCK_CAPTURE_AUTORELEASING = YES;
				CLANG_WARN_BOOL_CONVERSION = YES;
				CLANG_WARN_COMMA = YES;
				CLANG_WARN_CONSTANT_CONVERSION = YES;
				CLANG_WARN_DEPRECATED_OBJC_IMPLEMENTATIONS = YES;
				CLANG_WARN_DIRECT_OBJC_ISA_USAGE = YES_ERROR;
				CLANG_WARN_DOCUMENTATION_COMMENTS = YES;
				CLANG_WARN_EMPTY_BODY = YES;
				CLANG_WARN_ENUM_CONVERSION = YES;
				CLANG_WARN_INFINITE_RECURSION = YES;
				CLANG_WARN_INT_CONVERSION = YES;
				CLANG_WARN_NON_LITERAL_NULL_CONVERSION = YES;
				CLANG_WARN_OBJC_IMPLICIT_RETAIN_SELF = YES;
				CLANG_WARN_OBJC_LITERAL_CONVERSION = YES;
				CLANG_WARN_OBJC_ROOT_CLASS = YES_ERROR;
				CLANG_WARN_QUOTED_INCLUDE_IN_FRAMEWORK_HEADER = YES;
				CLANG_WARN_RANGE_LOOP_ANALYSIS = YES;
				CLANG_WARN_STRICT_PROTOTYPES = YES;
				CLANG_WARN_SUSPICIOUS_MOVE = YES;
				CLANG_WARN_UNGUARDED_AVAILABILITY = YES_AGGRESSIVE;
				CLANG_WARN_UNREACHABLE_CODE = YES;
				CLANG_WARN__DUPLICATE_METHOD_MATCH = YES;
				COPY_PHASE_STRIP = NO;
				DEBUG_INFORMATION_FORMAT = dwarf;
				ENABLE_STRICT_OBJC_MSGSEND = YES;
				ENABLE_TESTABILITY = YES;
				GCC_C_LANGUAGE_STANDARD = gnu11;
				GCC_DYNAMIC_NO_PIC = NO;
				GCC_NO_COMMON_BLOCKS = YES;
				GCC_OPTIMIZATION_LEVEL = 0;
				GCC_PREPROCESSOR_DEFINITIONS = (
					"DEBUG=1",
					"$(inherited)",
				);
				GCC_WARN_64_TO_32_BIT_CONVERSION = YES;
				GCC_WARN_ABOUT_RETURN_TYPE = YES_ERROR;
				GCC_WARN_UNDECLARED_SELECTOR = YES;
				GCC_WARN_UNINITIALIZED_AUTOS = YES_AGGRESSIVE;
				GCC_WARN_UNUSED_FUNCTION = YES;
				GCC_WARN_UNUSED_VARIABLE = YES;
				IPHONEOS_DEPLOYMENT_TARGET = 14.4;
				MTL_ENABLE_DEBUG_INFO = INCLUDE_SOURCE;
				MTL_FAST_MATH = YES;
				ONLY_ACTIVE_ARCH = YES;
				SDKROOT = iphoneos;
				SWIFT_ACTIVE_COMPILATION_CONDITIONS = DEBUG;
				SWIFT_OPTIMIZATION_LEVEL = "-Onone";
			};
			name = Debug;
		};
		341E5B1A25EA702C00E8C1FA /* Release */ = {
			isa = XCBuildConfiguration;
			buildSettings = {
				ALWAYS_SEARCH_USER_PATHS = NO;
				CLANG_ANALYZER_NONNULL = YES;
				CLANG_ANALYZER_NUMBER_OBJECT_CONVERSION = YES_AGGRESSIVE;
				CLANG_CXX_LANGUAGE_STANDARD = "gnu++14";
				CLANG_CXX_LIBRARY = "libc++";
				CLANG_ENABLE_MODULES = YES;
				CLANG_ENABLE_OBJC_ARC = YES;
				CLANG_ENABLE_OBJC_WEAK = YES;
				CLANG_WARN_BLOCK_CAPTURE_AUTORELEASING = YES;
				CLANG_WARN_BOOL_CONVERSION = YES;
				CLANG_WARN_COMMA = YES;
				CLANG_WARN_CONSTANT_CONVERSION = YES;
				CLANG_WARN_DEPRECATED_OBJC_IMPLEMENTATIONS = YES;
				CLANG_WARN_DIRECT_OBJC_ISA_USAGE = YES_ERROR;
				CLANG_WARN_DOCUMENTATION_COMMENTS = YES;
				CLANG_WARN_EMPTY_BODY = YES;
				CLANG_WARN_ENUM_CONVERSION = YES;
				CLANG_WARN_INFINITE_RECURSION = YES;
				CLANG_WARN_INT_CONVERSION = YES;
				CLANG_WARN_NON_LITERAL_NULL_CONVERSION = YES;
				CLANG_WARN_OBJC_IMPLICIT_RETAIN_SELF = YES;
				CLANG_WARN_OBJC_LITERAL_CONVERSION = YES;
				CLANG_WARN_OBJC_ROOT_CLASS = YES_ERROR;
				CLANG_WARN_QUOTED_INCLUDE_IN_FRAMEWORK_HEADER = YES;
				CLANG_WARN_RANGE_LOOP_ANALYSIS = YES;
				CLANG_WARN_STRICT_PROTOTYPES = YES;
				CLANG_WARN_SUSPICIOUS_MOVE = YES;
				CLANG_WARN_UNGUARDED_AVAILABILITY = YES_AGGRESSIVE;
				CLANG_WARN_UNREACHABLE_CODE = YES;
				CLANG_WARN__DUPLICATE_METHOD_MATCH = YES;
				COPY_PHASE_STRIP = NO;
				DEBUG_INFORMATION_FORMAT = "dwarf-with-dsym";
				ENABLE_NS_ASSERTIONS = NO;
				ENABLE_STRICT_OBJC_MSGSEND = YES;
				GCC_C_LANGUAGE_STANDARD = gnu11;
				GCC_NO_COMMON_BLOCKS = YES;
				GCC_WARN_64_TO_32_BIT_CONVERSION = YES;
				GCC_WARN_ABOUT_RETURN_TYPE = YES_ERROR;
				GCC_WARN_UNDECLARED_SELECTOR = YES;
				GCC_WARN_UNINITIALIZED_AUTOS = YES_AGGRESSIVE;
				GCC_WARN_UNUSED_FUNCTION = YES;
				GCC_WARN_UNUSED_VARIABLE = YES;
				IPHONEOS_DEPLOYMENT_TARGET = 14.4;
				MTL_ENABLE_DEBUG_INFO = NO;
				MTL_FAST_MATH = YES;
				SDKROOT = iphoneos;
				SWIFT_COMPILATION_MODE = wholemodule;
				SWIFT_OPTIMIZATION_LEVEL = "-O";
				VALIDATE_PRODUCT = YES;
			};
			name = Release;
		};
		341E5B1C25EA702C00E8C1FA /* Debug */ = {
			isa = XCBuildConfiguration;
			buildSettings = {
				ASSETCATALOG_COMPILER_APPICON_NAME = AppIcon;
				ASSETCATALOG_COMPILER_GLOBAL_ACCENT_COLOR_NAME = AccentColor;
				CODE_SIGN_STYLE = Automatic;
				DEVELOPMENT_ASSET_PATHS = "\"WarCardGame/Preview Content\"";
				DEVELOPMENT_TEAM = 9474P7K7Z8;
				ENABLE_PREVIEWS = YES;
				INFOPLIST_FILE = WarCardGame/Info.plist;
				IPHONEOS_DEPLOYMENT_TARGET = 14.0;
				LD_RUNPATH_SEARCH_PATHS = (
					"$(inherited)",
					"@executable_path/Frameworks",
				);
				PRODUCT_BUNDLE_IDENTIFIER = kamil.koziol.WarCardGame;
				PRODUCT_NAME = "$(TARGET_NAME)";
				SWIFT_VERSION = 5.0;
				TARGETED_DEVICE_FAMILY = "1,2";
			};
			name = Debug;
		};
		341E5B1D25EA702C00E8C1FA /* Release */ = {
			isa = XCBuildConfiguration;
			buildSettings = {
				ASSETCATALOG_COMPILER_APPICON_NAME = AppIcon;
				ASSETCATALOG_COMPILER_GLOBAL_ACCENT_COLOR_NAME = AccentColor;
				CODE_SIGN_STYLE = Automatic;
				DEVELOPMENT_ASSET_PATHS = "\"WarCardGame/Preview Content\"";
				DEVELOPMENT_TEAM = 9474P7K7Z8;
				ENABLE_PREVIEWS = YES;
				INFOPLIST_FILE = WarCardGame/Info.plist;
				IPHONEOS_DEPLOYMENT_TARGET = 14.0;
				LD_RUNPATH_SEARCH_PATHS = (
					"$(inherited)",
					"@executable_path/Frameworks",
				);
				PRODUCT_BUNDLE_IDENTIFIER = kamil.koziol.WarCardGame;
				PRODUCT_NAME = "$(TARGET_NAME)";
				SWIFT_VERSION = 5.0;
				TARGETED_DEVICE_FAMILY = "1,2";
			};
			name = Release;
		};
		341E5B1F25EA702C00E8C1FA /* Debug */ = {
			isa = XCBuildConfiguration;
			buildSettings = {
				ALWAYS_EMBED_SWIFT_STANDARD_LIBRARIES = YES;
				BUNDLE_LOADER = "$(TEST_HOST)";
				CODE_SIGN_STYLE = Automatic;
				DEVELOPMENT_TEAM = 9474P7K7Z8;
				INFOPLIST_FILE = WarCardGameTests/Info.plist;
				IPHONEOS_DEPLOYMENT_TARGET = 14.0;
				LD_RUNPATH_SEARCH_PATHS = (
					"$(inherited)",
					"@executable_path/Frameworks",
					"@loader_path/Frameworks",
				);
				PRODUCT_BUNDLE_IDENTIFIER = kamil.koziol.WarCardGameTests;
				PRODUCT_NAME = "$(TARGET_NAME)";
				SWIFT_VERSION = 5.0;
				TARGETED_DEVICE_FAMILY = "1,2";
				TEST_HOST = "$(BUILT_PRODUCTS_DIR)/WarCardGame.app/WarCardGame";
			};
			name = Debug;
		};
		341E5B2025EA702C00E8C1FA /* Release */ = {
			isa = XCBuildConfiguration;
			buildSettings = {
				ALWAYS_EMBED_SWIFT_STANDARD_LIBRARIES = YES;
				BUNDLE_LOADER = "$(TEST_HOST)";
				CODE_SIGN_STYLE = Automatic;
				DEVELOPMENT_TEAM = 9474P7K7Z8;
				INFOPLIST_FILE = WarCardGameTests/Info.plist;
				IPHONEOS_DEPLOYMENT_TARGET = 14.0;
				LD_RUNPATH_SEARCH_PATHS = (
					"$(inherited)",
					"@executable_path/Frameworks",
					"@loader_path/Frameworks",
				);
				PRODUCT_BUNDLE_IDENTIFIER = kamil.koziol.WarCardGameTests;
				PRODUCT_NAME = "$(TARGET_NAME)";
				SWIFT_VERSION = 5.0;
				TARGETED_DEVICE_FAMILY = "1,2";
				TEST_HOST = "$(BUILT_PRODUCTS_DIR)/WarCardGame.app/WarCardGame";
			};
			name = Release;
		};
		341E5B2225EA702C00E8C1FA /* Debug */ = {
			isa = XCBuildConfiguration;
			buildSettings = {
				ALWAYS_EMBED_SWIFT_STANDARD_LIBRARIES = YES;
				CODE_SIGN_STYLE = Automatic;
				DEVELOPMENT_TEAM = 9474P7K7Z8;
				INFOPLIST_FILE = WarCardGameUITests/Info.plist;
				LD_RUNPATH_SEARCH_PATHS = (
					"$(inherited)",
					"@executable_path/Frameworks",
					"@loader_path/Frameworks",
				);
				PRODUCT_BUNDLE_IDENTIFIER = kamil.koziol.WarCardGameUITests;
				PRODUCT_NAME = "$(TARGET_NAME)";
				SWIFT_VERSION = 5.0;
				TARGETED_DEVICE_FAMILY = "1,2";
				TEST_TARGET_NAME = WarCardGame;
			};
			name = Debug;
		};
		341E5B2325EA702C00E8C1FA /* Release */ = {
			isa = XCBuildConfiguration;
			buildSettings = {
				ALWAYS_EMBED_SWIFT_STANDARD_LIBRARIES = YES;
				CODE_SIGN_STYLE = Automatic;
				DEVELOPMENT_TEAM = 9474P7K7Z8;
				INFOPLIST_FILE = WarCardGameUITests/Info.plist;
				LD_RUNPATH_SEARCH_PATHS = (
					"$(inherited)",
					"@executable_path/Frameworks",
					"@loader_path/Frameworks",
				);
				PRODUCT_BUNDLE_IDENTIFIER = kamil.koziol.WarCardGameUITests;
				PRODUCT_NAME = "$(TARGET_NAME)";
				SWIFT_VERSION = 5.0;
				TARGETED_DEVICE_FAMILY = "1,2";
				TEST_TARGET_NAME = WarCardGame;
			};
			name = Release;
		};
/* End XCBuildConfiguration section */

/* Begin XCConfigurationList section */
		341E5AF125EA702C00E8C1FA /* Build configuration list for PBXProject "WarCardGame" */ = {
			isa = XCConfigurationList;
			buildConfigurations = (
				341E5B1925EA702C00E8C1FA /* Debug */,
				341E5B1A25EA702C00E8C1FA /* Release */,
			);
			defaultConfigurationIsVisible = 0;
			defaultConfigurationName = Release;
		};
		341E5B1B25EA702C00E8C1FA /* Build configuration list for PBXNativeTarget "WarCardGame" */ = {
			isa = XCConfigurationList;
			buildConfigurations = (
				341E5B1C25EA702C00E8C1FA /* Debug */,
				341E5B1D25EA702C00E8C1FA /* Release */,
			);
			defaultConfigurationIsVisible = 0;
			defaultConfigurationName = Release;
		};
		341E5B1E25EA702C00E8C1FA /* Build configuration list for PBXNativeTarget "WarCardGameTests" */ = {
			isa = XCConfigurationList;
			buildConfigurations = (
				341E5B1F25EA702C00E8C1FA /* Debug */,
				341E5B2025EA702C00E8C1FA /* Release */,
			);
			defaultConfigurationIsVisible = 0;
			defaultConfigurationName = Release;
		};
		341E5B2125EA702C00E8C1FA /* Build configuration list for PBXNativeTarget "WarCardGameUITests" */ = {
			isa = XCConfigurationList;
			buildConfigurations = (
				341E5B2225EA702C00E8C1FA /* Debug */,
				341E5B2325EA702C00E8C1FA /* Release */,
			);
			defaultConfigurationIsVisible = 0;
			defaultConfigurationName = Release;
		};
/* End XCConfigurationList section */
	};
	rootObject = 341E5AEE25EA702C00E8C1FA /* Project object */;
}
