// !$*UTF8*$!
{
	archiveVersion = 1;
	classes = {
	};
	objectVersion = 50;
	objects = {

/* Begin PBXBuildFile section */
		344AB63C25FBC474000D7CC5 /* KretyApp.swift in Sources */ = {isa = PBXBuildFile; fileRef = 344AB63B25FBC474000D7CC5 /* KretyApp.swift */; };
		344AB63E25FBC474000D7CC5 /* ContentView.swift in Sources */ = {isa = PBXBuildFile; fileRef = 344AB63D25FBC474000D7CC5 /* ContentView.swift */; };
		344AB64025FBC475000D7CC5 /* Assets.xcassets in Resources */ = {isa = PBXBuildFile; fileRef = 344AB63F25FBC475000D7CC5 /* Assets.xcassets */; };
		344AB64325FBC475000D7CC5 /* Preview Assets.xcassets in Resources */ = {isa = PBXBuildFile; fileRef = 344AB64225FBC475000D7CC5 /* Preview Assets.xcassets */; };
		34A75DED25FBCA0C00EDF71C /* KretView.swift in Sources */ = {isa = PBXBuildFile; fileRef = 34A75DEC25FBCA0C00EDF71C /* KretView.swift */; };
/* End PBXBuildFile section */

/* Begin PBXFileReference section */
		344AB63825FBC474000D7CC5 /* Krety.app */ = {isa = PBXFileReference; explicitFileType = wrapper.application; includeInIndex = 0; path = Krety.app; sourceTree = BUILT_PRODUCTS_DIR; };
		344AB63B25FBC474000D7CC5 /* KretyApp.swift */ = {isa = PBXFileReference; lastKnownFileType = sourcecode.swift; path = KretyApp.swift; sourceTree = "<group>"; };
		344AB63D25FBC474000D7CC5 /* ContentView.swift */ = {isa = PBXFileReference; lastKnownFileType = sourcecode.swift; path = ContentView.swift; sourceTree = "<group>"; };
		344AB63F25FBC475000D7CC5 /* Assets.xcassets */ = {isa = PBXFileReference; lastKnownFileType = folder.assetcatalog; path = Assets.xcassets; sourceTree = "<group>"; };
		344AB64225FBC475000D7CC5 /* Preview Assets.xcassets */ = {isa = PBXFileReference; lastKnownFileType = folder.assetcatalog; path = "Preview Assets.xcassets"; sourceTree = "<group>"; };
		344AB64425FBC475000D7CC5 /* Info.plist */ = {isa = PBXFileReference; lastKnownFileType = text.plist.xml; path = Info.plist; sourceTree = "<group>"; };
		34A75DEC25FBCA0C00EDF71C /* KretView.swift */ = {isa = PBXFileReference; lastKnownFileType = sourcecode.swift; path = KretView.swift; sourceTree = "<group>"; };
/* End PBXFileReference section */

/* Begin PBXFrameworksBuildPhase section */
		344AB63525FBC474000D7CC5 /* Frameworks */ = {
			isa = PBXFrameworksBuildPhase;
			buildActionMask = 2147483647;
			files = (
			);
			runOnlyForDeploymentPostprocessing = 0;
		};
/* End PBXFrameworksBuildPhase section */

/* Begin PBXGroup section */
		344AB62F25FBC474000D7CC5 = {
			isa = PBXGroup;
			children = (
				344AB63A25FBC474000D7CC5 /* Krety */,
				344AB63925FBC474000D7CC5 /* Products */,
			);
			sourceTree = "<group>";
		};
		344AB63925FBC474000D7CC5 /* Products */ = {
			isa = PBXGroup;
			children = (
				344AB63825FBC474000D7CC5 /* Krety.app */,
			);
			name = Products;
			sourceTree = "<group>";
		};
		344AB63A25FBC474000D7CC5 /* Krety */ = {
			isa = PBXGroup;
			children = (
				344AB63B25FBC474000D7CC5 /* KretyApp.swift */,
				344AB63D25FBC474000D7CC5 /* ContentView.swift */,
				34A75DEC25FBCA0C00EDF71C /* KretView.swift */,
				344AB63F25FBC475000D7CC5 /* Assets.xcassets */,
				344AB64425FBC475000D7CC5 /* Info.plist */,
				344AB64125FBC475000D7CC5 /* Preview Content */,
			);
			path = Krety;
			sourceTree = "<group>";
		};
		344AB64125FBC475000D7CC5 /* Preview Content */ = {
			isa = PBXGroup;
			children = (
				344AB64225FBC475000D7CC5 /* Preview Assets.xcassets */,
			);
			path = "Preview Content";
			sourceTree = "<group>";
		};
/* End PBXGroup section */

/* Begin PBXNativeTarget section */
		344AB63725FBC474000D7CC5 /* Krety */ = {
			isa = PBXNativeTarget;
			buildConfigurationList = 344AB64725FBC475000D7CC5 /* Build configuration list for PBXNativeTarget "Krety" */;
			buildPhases = (
				344AB63425FBC474000D7CC5 /* Sources */,
				344AB63525FBC474000D7CC5 /* Frameworks */,
				344AB63625FBC474000D7CC5 /* Resources */,
			);
			buildRules = (
			);
			dependencies = (
			);
			name = Krety;
			productName = Krety;
			productReference = 344AB63825FBC474000D7CC5 /* Krety.app */;
			productType = "com.apple.product-type.application";
		};
/* End PBXNativeTarget section */

/* Begin PBXProject section */
		344AB63025FBC474000D7CC5 /* Project object */ = {
			isa = PBXProject;
			attributes = {
				LastSwiftUpdateCheck = 1240;
				LastUpgradeCheck = 1240;
				TargetAttributes = {
					344AB63725FBC474000D7CC5 = {
						CreatedOnToolsVersion = 12.4;
					};
				};
			};
			buildConfigurationList = 344AB63325FBC474000D7CC5 /* Build configuration list for PBXProject "Krety" */;
			compatibilityVersion = "Xcode 9.3";
			developmentRegion = en;
			hasScannedForEncodings = 0;
			knownRegions = (
				en,
				Base,
			);
			mainGroup = 344AB62F25FBC474000D7CC5;
			productRefGroup = 344AB63925FBC474000D7CC5 /* Products */;
			projectDirPath = "";
			projectRoot = "";
			targets = (
				344AB63725FBC474000D7CC5 /* Krety */,
			);
		};
/* End PBXProject section */

/* Begin PBXResourcesBuildPhase section */
		344AB63625FBC474000D7CC5 /* Resources */ = {
			isa = PBXResourcesBuildPhase;
			buildActionMask = 2147483647;
			files = (
				344AB64325FBC475000D7CC5 /* Preview Assets.xcassets in Resources */,
				344AB64025FBC475000D7CC5 /* Assets.xcassets in Resources */,
			);
			runOnlyForDeploymentPostprocessing = 0;
		};
/* End PBXResourcesBuildPhase section */

/* Begin PBXSourcesBuildPhase section */
		344AB63425FBC474000D7CC5 /* Sources */ = {
			isa = PBXSourcesBuildPhase;
			buildActionMask = 2147483647;
			files = (
				34A75DED25FBCA0C00EDF71C /* KretView.swift in Sources */,
				344AB63E25FBC474000D7CC5 /* ContentView.swift in Sources */,
				344AB63C25FBC474000D7CC5 /* KretyApp.swift in Sources */,
			);
			runOnlyForDeploymentPostprocessing = 0;
		};
/* End PBXSourcesBuildPhase section */

/* Begin XCBuildConfiguration section */
		344AB64525FBC475000D7CC5 /* Debug */ = {
			isa = XCBuildConfiguration;
			buildSettings = {
				ALWAYS_SEARCH_USER_PATHS = NO;
				CLANG_ANALYZER_NONNULL = YES;
				CLANG_ANALYZER_NUMBER_OBJECT_CONVERSION = YES_AGGRESSIVE;
				CLANG_CXX_LANGUAGE_STANDARD = "gnu++14";
				CLANG_CXX_LIBRARY = "libc++";
				CLANG_ENABLE_MODULES = YES;
				CLANG_ENABLE_OBJC_ARC = YES;
				CLANG_ENABLE_OBJC_WEAK = YES;
				CLANG_WARN_BLOCK_CAPTURE_AUTORELEASING = YES;
				CLANG_WARN_BOOL_CONVERSION = YES;
				CLANG_WARN_COMMA = YES;
				CLANG_WARN_CONSTANT_CONVERSION = YES;
				CLANG_WARN_DEPRECATED_OBJC_IMPLEMENTATIONS = YES;
				CLANG_WARN_DIRECT_OBJC_ISA_USAGE = YES_ERROR;
				CLANG_WARN_DOCUMENTATION_COMMENTS = YES;
				CLANG_WARN_EMPTY_BODY = YES;
				CLANG_WARN_ENUM_CONVERSION = YES;
				CLANG_WARN_INFINITE_RECURSION = YES;
				CLANG_WARN_INT_CONVERSION = YES;
				CLANG_WARN_NON_LITERAL_NULL_CONVERSION = YES;
				CLANG_WARN_OBJC_IMPLICIT_RETAIN_SELF = YES;
				CLANG_WARN_OBJC_LITERAL_CONVERSION = YES;
				CLANG_WARN_OBJC_ROOT_CLASS = YES_ERROR;
				CLANG_WARN_QUOTED_INCLUDE_IN_FRAMEWORK_HEADER = YES;
				CLANG_WARN_RANGE_LOOP_ANALYSIS = YES;
				CLANG_WARN_STRICT_PROTOTYPES = YES;
				CLANG_WARN_SUSPICIOUS_MOVE = YES;
				CLANG_WARN_UNGUARDED_AVAILABILITY = YES_AGGRESSIVE;
				CLANG_WARN_UNREACHABLE_CODE = YES;
				CLANG_WARN__DUPLICATE_METHOD_MATCH = YES;
				COPY_PHASE_STRIP = NO;
				DEBUG_INFORMATION_FORMAT = dwarf;
				ENABLE_STRICT_OBJC_MSGSEND = YES;
				ENABLE_TESTABILITY = YES;
				GCC_C_LANGUAGE_STANDARD = gnu11;
				GCC_DYNAMIC_NO_PIC = NO;
				GCC_NO_COMMON_BLOCKS = YES;
				GCC_OPTIMIZATION_LEVEL = 0;
				GCC_PREPROCESSOR_DEFINITIONS = (
					"DEBUG=1",
					"$(inherited)",
				);
				GCC_WARN_64_TO_32_BIT_CONVERSION = YES;
				GCC_WARN_ABOUT_RETURN_TYPE = YES_ERROR;
				GCC_WARN_UNDECLARED_SELECTOR = YES;
				GCC_WARN_UNINITIALIZED_AUTOS = YES_AGGRESSIVE;
				GCC_WARN_UNUSED_FUNCTION = YES;
				GCC_WARN_UNUSED_VARIABLE = YES;
				IPHONEOS_DEPLOYMENT_TARGET = 14.4;
				MTL_ENABLE_DEBUG_INFO = INCLUDE_SOURCE;
				MTL_FAST_MATH = YES;
				ONLY_ACTIVE_ARCH = YES;
				SDKROOT = iphoneos;
				SWIFT_ACTIVE_COMPILATION_CONDITIONS = DEBUG;
				SWIFT_OPTIMIZATION_LEVEL = "-Onone";
			};
			name = Debug;
		};
		344AB64625FBC475000D7CC5 /* Release */ = {
			isa = XCBuildConfiguration;
			buildSettings = {
				ALWAYS_SEARCH_USER_PATHS = NO;
				CLANG_ANALYZER_NONNULL = YES;
				CLANG_ANALYZER_NUMBER_OBJECT_CONVERSION = YES_AGGRESSIVE;
				CLANG_CXX_LANGUAGE_STANDARD = "gnu++14";
				CLANG_CXX_LIBRARY = "libc++";
				CLANG_ENABLE_MODULES = YES;
				CLANG_ENABLE_OBJC_ARC = YES;
				CLANG_ENABLE_OBJC_WEAK = YES;
				CLANG_WARN_BLOCK_CAPTURE_AUTORELEASING = YES;
				CLANG_WARN_BOOL_CONVERSION = YES;
				CLANG_WARN_COMMA = YES;
				CLANG_WARN_CONSTANT_CONVERSION = YES;
				CLANG_WARN_DEPRECATED_OBJC_IMPLEMENTATIONS = YES;
				CLANG_WARN_DIRECT_OBJC_ISA_USAGE = YES_ERROR;
				CLANG_WARN_DOCUMENTATION_COMMENTS = YES;
				CLANG_WARN_EMPTY_BODY = YES;
				CLANG_WARN_ENUM_CONVERSION = YES;
				CLANG_WARN_INFINITE_RECURSION = YES;
				CLANG_WARN_INT_CONVERSION = YES;
				CLANG_WARN_NON_LITERAL_NULL_CONVERSION = YES;
				CLANG_WARN_OBJC_IMPLICIT_RETAIN_SELF = YES;
				CLANG_WARN_OBJC_LITERAL_CONVERSION = YES;
				CLANG_WARN_OBJC_ROOT_CLASS = YES_ERROR;
				CLANG_WARN_QUOTED_INCLUDE_IN_FRAMEWORK_HEADER = YES;
				CLANG_WARN_RANGE_LOOP_ANALYSIS = YES;
				CLANG_WARN_STRICT_PROTOTYPES = YES;
				CLANG_WARN_SUSPICIOUS_MOVE = YES;
				CLANG_WARN_UNGUARDED_AVAILABILITY = YES_AGGRESSIVE;
				CLANG_WARN_UNREACHABLE_CODE = YES;
				CLANG_WARN__DUPLICATE_METHOD_MATCH = YES;
				COPY_PHASE_STRIP = NO;
				DEBUG_INFORMATION_FORMAT = "dwarf-with-dsym";
				ENABLE_NS_ASSERTIONS = NO;
				ENABLE_STRICT_OBJC_MSGSEND = YES;
				GCC_C_LANGUAGE_STANDARD = gnu11;
				GCC_NO_COMMON_BLOCKS = YES;
				GCC_WARN_64_TO_32_BIT_CONVERSION = YES;
				GCC_WARN_ABOUT_RETURN_TYPE = YES_ERROR;
				GCC_WARN_UNDECLARED_SELECTOR = YES;
				GCC_WARN_UNINITIALIZED_AUTOS = YES_AGGRESSIVE;
				GCC_WARN_UNUSED_FUNCTION = YES;
				GCC_WARN_UNUSED_VARIABLE = YES;
				IPHONEOS_DEPLOYMENT_TARGET = 14.4;
				MTL_ENABLE_DEBUG_INFO = NO;
				MTL_FAST_MATH = YES;
				SDKROOT = iphoneos;
				SWIFT_COMPILATION_MODE = wholemodule;
				SWIFT_OPTIMIZATION_LEVEL = "-O";
				VALIDATE_PRODUCT = YES;
			};
			name = Release;
		};
		344AB64825FBC475000D7CC5 /* Debug */ = {
			isa = XCBuildConfiguration;
			buildSettings = {
				ASSETCATALOG_COMPILER_APPICON_NAME = AppIcon;
				ASSETCATALOG_COMPILER_GLOBAL_ACCENT_COLOR_NAME = AccentColor;
				CODE_SIGN_STYLE = Automatic;
				DEVELOPMENT_ASSET_PATHS = "\"Krety/Preview Content\"";
				DEVELOPMENT_TEAM = 9474P7K7Z8;
				ENABLE_PREVIEWS = YES;
				INFOPLIST_FILE = Krety/Info.plist;
				IPHONEOS_DEPLOYMENT_TARGET = 14.0;
				LD_RUNPATH_SEARCH_PATHS = (
					"$(inherited)",
					"@executable_path/Frameworks",
				);
				PRODUCT_BUNDLE_IDENTIFIER = kamil.koziol.Krety;
				PRODUCT_NAME = "$(TARGET_NAME)";
				SWIFT_VERSION = 5.0;
				TARGETED_DEVICE_FAMILY = "1,2";
			};
			name = Debug;
		};
		344AB64925FBC475000D7CC5 /* Release */ = {
			isa = XCBuildConfiguration;
			buildSettings = {
				ASSETCATALOG_COMPILER_APPICON_NAME = AppIcon;
				ASSETCATALOG_COMPILER_GLOBAL_ACCENT_COLOR_NAME = AccentColor;
				CODE_SIGN_STYLE = Automatic;
				DEVELOPMENT_ASSET_PATHS = "\"Krety/Preview Content\"";
				DEVELOPMENT_TEAM = 9474P7K7Z8;
				ENABLE_PREVIEWS = YES;
				INFOPLIST_FILE = Krety/Info.plist;
				IPHONEOS_DEPLOYMENT_TARGET = 14.0;
				LD_RUNPATH_SEARCH_PATHS = (
					"$(inherited)",
					"@executable_path/Frameworks",
				);
				PRODUCT_BUNDLE_IDENTIFIER = kamil.koziol.Krety;
				PRODUCT_NAME = "$(TARGET_NAME)";
				SWIFT_VERSION = 5.0;
				TARGETED_DEVICE_FAMILY = "1,2";
			};
			name = Release;
		};
/* End XCBuildConfiguration section */

/* Begin XCConfigurationList section */
		344AB63325FBC474000D7CC5 /* Build configuration list for PBXProject "Krety" */ = {
			isa = XCConfigurationList;
			buildConfigurations = (
				344AB64525FBC475000D7CC5 /* Debug */,
				344AB64625FBC475000D7CC5 /* Release */,
			);
			defaultConfigurationIsVisible = 0;
			defaultConfigurationName = Release;
		};
		344AB64725FBC475000D7CC5 /* Build configuration list for PBXNativeTarget "Krety" */ = {
			isa = XCConfigurationList;
			buildConfigurations = (
				344AB64825FBC475000D7CC5 /* Debug */,
				344AB64925FBC475000D7CC5 /* Release */,
			);
			defaultConfigurationIsVisible = 0;
			defaultConfigurationName = Release;
		};
/* End XCConfigurationList section */
	};
	rootObject = 344AB63025FBC474000D7CC5 /* Project object */;
}
